
Microsoft Visual Studio Solution File, Format Version 12.00
# Visual Studio Version 17
VisualStudioVersion = 17.8.34309.116
MinimumVisualStudioVersion = 10.0.40219.1
Project("{FAE04EC0-301F-11D3-BF4B-00C04F79EFBC}") = "CourseWorkFreons", "CourseWorkFreons\CourseWorkFreons.csproj", "{A180FA61-1C68-4343-80B8-D94A2BBFB656}"
EndProject
Global
	GlobalSection(SolutionConfigurationPlatforms) = preSolution
		Debug|Any CPU = Debug|Any CPU
		Release|Any CPU = Release|Any CPU
	EndGlobalSection
	GlobalSection(ProjectConfigurationPlatforms) = postSolution
		{A180FA61-1C68-4343-80B8-D94A2BBFB656}.Debug|Any CPU.ActiveCfg = Debug|Any CPU
		{A180FA61-1C68-4343-80B8-D94A2BBFB656}.Debug|Any CPU.Build.0 = Debug|Any CPU
		{A180FA61-1C68-4343-80B8-D94A2BBFB656}.Release|Any CPU.ActiveCfg = Release|Any CPU
		{A180FA61-1C68-4343-80B8-D94A2BBFB656}.Release|Any CPU.Build.0 = Release|Any CPU
	EndGlobalSection
	GlobalSection(SolutionProperties) = preSolution
		HideSolutionNode = FALSE
	EndGlobalSection
	GlobalSection(ExtensibilityGlobals) = postSolution
		SolutionGuid = {483AD17F-7D83-4E16-B6A1-0D4A0094BA8F}
	EndGlobalSection
EndGlobal
